
Microsoft Visual Studio Solution File, Format Version 12.00
# Visual Studio 15
Project("{FAE04EC0-301F-11D3-BF4B-00C04F79EFBC}") = "Assembly-CSharp", "Assembly-CSharp.csproj", "{FDFD6C7D-7EDC-ABAF-4F36-B05699BBEC6E}"
EndProject
Project("{FAE04EC0-301F-11D3-BF4B-00C04F79EFBC}") = "Assembly-CSharp-Editor", "Assembly-CSharp-Editor.csproj", "{B30EFB22-89C5-9300-DD4D-9AEADFFD2203}"
EndProject
Global
	GlobalSection(SolutionConfigurationPlatforms) = preSolution
		Debug|Any CPU = Debug|Any CPU
		Release|Any CPU = Release|Any CPU
	EndGlobalSection
	GlobalSection(ProjectConfigurationPlatforms) = postSolution
		{FDFD6C7D-7EDC-ABAF-4F36-B05699BBEC6E}.Debug|Any CPU.ActiveCfg = Debug|Any CPU
		{FDFD6C7D-7EDC-ABAF-4F36-B05699BBEC6E}.Debug|Any CPU.Build.0 = Debug|Any CPU
		{FDFD6C7D-7EDC-ABAF-4F36-B05699BBEC6E}.Release|Any CPU.ActiveCfg = Release|Any CPU
		{FDFD6C7D-7EDC-ABAF-4F36-B05699BBEC6E}.Release|Any CPU.Build.0 = Release|Any CPU
		{B30EFB22-89C5-9300-DD4D-9AEADFFD2203}.Debug|Any CPU.ActiveCfg = Debug|Any CPU
		{B30EFB22-89C5-9300-DD4D-9AEADFFD2203}.Debug|Any CPU.Build.0 = Debug|Any CPU
		{B30EFB22-89C5-9300-DD4D-9AEADFFD2203}.Release|Any CPU.ActiveCfg = Release|Any CPU
		{B30EFB22-89C5-9300-DD4D-9AEADFFD2203}.Release|Any CPU.Build.0 = Release|Any CPU
	EndGlobalSection
	GlobalSection(SolutionProperties) = preSolution
		HideSolutionNode = FALSE
	EndGlobalSection
EndGlobal
